
Microsoft Visual Studio Solution File, Format Version 12.00
# Visual Studio Version 16
VisualStudioVersion = 16.0.31410.357
MinimumVisualStudioVersion = 10.0.40219.1
Project("{FAE04EC0-301F-11D3-BF4B-00C04F79EFBC}") = "lb1", "lb1\lb1.csproj", "{08CAC8D3-724C-40A9-A343-51FC19F8E507}"
EndProject
Global
	GlobalSection(SolutionConfigurationPlatforms) = preSolution
		Debug|Any CPU = Debug|Any CPU
		Release|Any CPU = Release|Any CPU
	EndGlobalSection
	GlobalSection(ProjectConfigurationPlatforms) = postSolution
		{08CAC8D3-724C-40A9-A343-51FC19F8E507}.Debug|Any CPU.ActiveCfg = Debug|Any CPU
		{08CAC8D3-724C-40A9-A343-51FC19F8E507}.Debug|Any CPU.Build.0 = Debug|Any CPU
		{08CAC8D3-724C-40A9-A343-51FC19F8E507}.Release|Any CPU.ActiveCfg = Release|Any CPU
		{08CAC8D3-724C-40A9-A343-51FC19F8E507}.Release|Any CPU.Build.0 = Release|Any CPU
	EndGlobalSection
	GlobalSection(SolutionProperties) = preSolution
		HideSolutionNode = FALSE
	EndGlobalSection
	GlobalSection(ExtensibilityGlobals) = postSolution
		SolutionGuid = {8EC0545A-A3A2-4FEE-8884-7168C1CE69F3}
	EndGlobalSection
EndGlobal
